
Microsoft Visual Studio Solution File, Format Version 12.00
# Visual Studio Version 16
VisualStudioVersion = 25.0.1706.7
MinimumVisualStudioVersion = 10.0.40219.1
Project("{FAE04EC0-301F-11D3-BF4B-00C04F79EFBC}") = "VSCaptureDrgVent", "VSCaptureDrgVent.csproj", "{C8CAB2E0-67CD-4E49-9CBC-3355FDA68012}"
EndProject
Global
	GlobalSection(SolutionConfigurationPlatforms) = preSolution
		Debug|Any CPU = Debug|Any CPU
		Release|Any CPU = Release|Any CPU
	EndGlobalSection
	GlobalSection(ProjectConfigurationPlatforms) = postSolution
		{C8CAB2E0-67CD-4E49-9CBC-3355FDA68012}.Debug|Any CPU.ActiveCfg = Debug|Any CPU
		{C8CAB2E0-67CD-4E49-9CBC-3355FDA68012}.Debug|Any CPU.Build.0 = Debug|Any CPU
		{C8CAB2E0-67CD-4E49-9CBC-3355FDA68012}.Release|Any CPU.ActiveCfg = Release|Any CPU
		{C8CAB2E0-67CD-4E49-9CBC-3355FDA68012}.Release|Any CPU.Build.0 = Release|Any CPU
	EndGlobalSection
	GlobalSection(SolutionProperties) = preSolution
		HideSolutionNode = FALSE
	EndGlobalSection
	GlobalSection(ExtensibilityGlobals) = postSolution
		SolutionGuid = {2D2AAF39-6AD7-4F30-8E35-E6B7590B0770}
	EndGlobalSection
EndGlobal
